
Microsoft Visual Studio Solution File, Format Version 12.00
# Visual Studio 15
VisualStudioVersion = 15.0.28307.1267
MinimumVisualStudioVersion = 10.0.40219.1
Project("{FAE04EC0-301F-11D3-BF4B-00C04F79EFBC}") = "FirstWebWithWCF", "FirstWebWithWCF\FirstWebWithWCF.csproj", "{DEAE7157-D214-45DF-B0E4-9346BDD4EBB6}"
EndProject
Global
	GlobalSection(SolutionConfigurationPlatforms) = preSolution
		Debug|Any CPU = Debug|Any CPU
		Release|Any CPU = Release|Any CPU
	EndGlobalSection
	GlobalSection(ProjectConfigurationPlatforms) = postSolution
		{DEAE7157-D214-45DF-B0E4-9346BDD4EBB6}.Debug|Any CPU.ActiveCfg = Debug|Any CPU
		{DEAE7157-D214-45DF-B0E4-9346BDD4EBB6}.Debug|Any CPU.Build.0 = Debug|Any CPU
		{DEAE7157-D214-45DF-B0E4-9346BDD4EBB6}.Release|Any CPU.ActiveCfg = Release|Any CPU
		{DEAE7157-D214-45DF-B0E4-9346BDD4EBB6}.Release|Any CPU.Build.0 = Release|Any CPU
	EndGlobalSection
	GlobalSection(SolutionProperties) = preSolution
		HideSolutionNode = FALSE
	EndGlobalSection
	GlobalSection(ExtensibilityGlobals) = postSolution
		SolutionGuid = {DB741079-9A63-490A-AE43-846423A311F3}
	EndGlobalSection
EndGlobal
